// !$*UTF8*$!
{
	archiveVersion = 1;
	classes = {
	};
	objectVersion = 55;
	objects = {

/* Begin PBXBuildFile section */
		3844364D27F5AA9000EF7CC1 /* AppDelegate.swift in Sources */ = {isa = PBXBuildFile; fileRef = 3844364C27F5AA9000EF7CC1 /* AppDelegate.swift */; };
		3844364F27F5AA9000EF7CC1 /* SceneDelegate.swift in Sources */ = {isa = PBXBuildFile; fileRef = 3844364E27F5AA9000EF7CC1 /* SceneDelegate.swift */; };
		3844365127F5AA9000EF7CC1 /* ViewController.swift in Sources */ = {isa = PBXBuildFile; fileRef = 3844365027F5AA9000EF7CC1 /* ViewController.swift */; };
		3844365427F5AA9000EF7CC1 /* Main.storyboard in Resources */ = {isa = PBXBuildFile; fileRef = 3844365227F5AA9000EF7CC1 /* Main.storyboard */; };
		3844365627F5AA9200EF7CC1 /* Assets.xcassets in Resources */ = {isa = PBXBuildFile; fileRef = 3844365527F5AA9200EF7CC1 /* Assets.xcassets */; };
		3844365927F5AA9200EF7CC1 /* LaunchScreen.storyboard in Resources */ = {isa = PBXBuildFile; fileRef = 3844365727F5AA9200EF7CC1 /* LaunchScreen.storyboard */; };
		3844366127F5ACB400EF7CC1 /* SwiftUI_File.swift in Sources */ = {isa = PBXBuildFile; fileRef = 3844366027F5ACB400EF7CC1 /* SwiftUI_File.swift */; };
/* End PBXBuildFile section */

/* Begin PBXFileReference section */
		3844364927F5AA9000EF7CC1 /* SwiftUI_in_UIKIt.app */ = {isa = PBXFileReference; explicitFileType = wrapper.application; includeInIndex = 0; path = SwiftUI_in_UIKIt.app; sourceTree = BUILT_PRODUCTS_DIR; };
		3844364C27F5AA9000EF7CC1 /* AppDelegate.swift */ = {isa = PBXFileReference; lastKnownFileType = sourcecode.swift; path = AppDelegate.swift; sourceTree = "<group>"; };
		3844364E27F5AA9000EF7CC1 /* SceneDelegate.swift */ = {isa = PBXFileReference; lastKnownFileType = sourcecode.swift; path = SceneDelegate.swift; sourceTree = "<group>"; };
		3844365027F5AA9000EF7CC1 /* ViewController.swift */ = {isa = PBXFileReference; lastKnownFileType = sourcecode.swift; path = ViewController.swift; sourceTree = "<group>"; };
		3844365327F5AA9000EF7CC1 /* Base */ = {isa = PBXFileReference; lastKnownFileType = file.storyboard; name = Base; path = Base.lproj/Main.storyboard; sourceTree = "<group>"; };
		3844365527F5AA9200EF7CC1 /* Assets.xcassets */ = {isa = PBXFileReference; lastKnownFileType = folder.assetcatalog; path = Assets.xcassets; sourceTree = "<group>"; };
		3844365827F5AA9200EF7CC1 /* Base */ = {isa = PBXFileReference; lastKnownFileType = file.storyboard; name = Base; path = Base.lproj/LaunchScreen.storyboard; sourceTree = "<group>"; };
		3844365A27F5AA9200EF7CC1 /* Info.plist */ = {isa = PBXFileReference; lastKnownFileType = text.plist.xml; path = Info.plist; sourceTree = "<group>"; };
		3844366027F5ACB400EF7CC1 /* SwiftUI_File.swift */ = {isa = PBXFileReference; lastKnownFileType = sourcecode.swift; path = SwiftUI_File.swift; sourceTree = "<group>"; };
/* End PBXFileReference section */

/* Begin PBXFrameworksBuildPhase section */
		3844364627F5AA9000EF7CC1 /* Frameworks */ = {
			isa = PBXFrameworksBuildPhase;
			buildActionMask = 2147483647;
			files = (
			);
			runOnlyForDeploymentPostprocessing = 0;
		};
/* End PBXFrameworksBuildPhase section */

/* Begin PBXGroup section */
		3844364027F5AA9000EF7CC1 = {
			isa = PBXGroup;
			children = (
				3844364B27F5AA9000EF7CC1 /* SwiftUI_in_UIKIt */,
				3844364A27F5AA9000EF7CC1 /* Products */,
			);
			sourceTree = "<group>";
		};
		3844364A27F5AA9000EF7CC1 /* Products */ = {
			isa = PBXGroup;
			children = (
				3844364927F5AA9000EF7CC1 /* SwiftUI_in_UIKIt.app */,
			);
			name = Products;
			sourceTree = "<group>";
		};
		3844364B27F5AA9000EF7CC1 /* SwiftUI_in_UIKIt */ = {
			isa = PBXGroup;
			children = (
				3844364C27F5AA9000EF7CC1 /* AppDelegate.swift */,
				3844364E27F5AA9000EF7CC1 /* SceneDelegate.swift */,
				3844365027F5AA9000EF7CC1 /* ViewController.swift */,
				3844365227F5AA9000EF7CC1 /* Main.storyboard */,
				3844366027F5ACB400EF7CC1 /* SwiftUI_File.swift */,
				3844365527F5AA9200EF7CC1 /* Assets.xcassets */,
				3844365727F5AA9200EF7CC1 /* LaunchScreen.storyboard */,
				3844365A27F5AA9200EF7CC1 /* Info.plist */,
			);
			path = SwiftUI_in_UIKIt;
			sourceTree = "<group>";
		};
/* End PBXGroup section */

/* Begin PBXNativeTarget section */
		3844364827F5AA9000EF7CC1 /* SwiftUI_in_UIKIt */ = {
			isa = PBXNativeTarget;
			buildConfigurationList = 3844365D27F5AA9200EF7CC1 /* Build configuration list for PBXNativeTarget "SwiftUI_in_UIKIt" */;
			buildPhases = (
				3844364527F5AA9000EF7CC1 /* Sources */,
				3844364627F5AA9000EF7CC1 /* Frameworks */,
				3844364727F5AA9000EF7CC1 /* Resources */,
			);
			buildRules = (
			);
			dependencies = (
			);
			name = SwiftUI_in_UIKIt;
			productName = SwiftUI_in_UIKIt;
			productReference = 3844364927F5AA9000EF7CC1 /* SwiftUI_in_UIKIt.app */;
			productType = "com.apple.product-type.application";
		};
/* End PBXNativeTarget section */

/* Begin PBXProject section */
		3844364127F5AA9000EF7CC1 /* Project object */ = {
			isa = PBXProject;
			attributes = {
				BuildIndependentTargetsInParallel = 1;
				LastSwiftUpdateCheck = 1330;
				LastUpgradeCheck = 1330;
				TargetAttributes = {
					3844364827F5AA9000EF7CC1 = {
						CreatedOnToolsVersion = 13.3;
					};
				};
			};
			buildConfigurationList = 3844364427F5AA9000EF7CC1 /* Build configuration list for PBXProject "SwiftUI_in_UIKIt" */;
			compatibilityVersion = "Xcode 13.0";
			developmentRegion = en;
			hasScannedForEncodings = 0;
			knownRegions = (
				en,
				Base,
			);
			mainGroup = 3844364027F5AA9000EF7CC1;
			productRefGroup = 3844364A27F5AA9000EF7CC1 /* Products */;
			projectDirPath = "";
			projectRoot = "";
			targets = (
				3844364827F5AA9000EF7CC1 /* SwiftUI_in_UIKIt */,
			);
		};
/* End PBXProject section */

/* Begin PBXResourcesBuildPhase section */
		3844364727F5AA9000EF7CC1 /* Resources */ = {
			isa = PBXResourcesBuildPhase;
			buildActionMask = 2147483647;
			files = (
				3844365927F5AA9200EF7CC1 /* LaunchScreen.storyboard in Resources */,
				3844365627F5AA9200EF7CC1 /* Assets.xcassets in Resources */,
				3844365427F5AA9000EF7CC1 /* Main.storyboard in Resources */,
			);
			runOnlyForDeploymentPostprocessing = 0;
		};
/* End PBXResourcesBuildPhase section */

/* Begin PBXSourcesBuildPhase section */
		3844364527F5AA9000EF7CC1 /* Sources */ = {
			isa = PBXSourcesBuildPhase;
			buildActionMask = 2147483647;
			files = (
				3844365127F5AA9000EF7CC1 /* ViewController.swift in Sources */,
				3844364D27F5AA9000EF7CC1 /* AppDelegate.swift in Sources */,
				3844364F27F5AA9000EF7CC1 /* SceneDelegate.swift in Sources */,
				3844366127F5ACB400EF7CC1 /* SwiftUI_File.swift in Sources */,
			);
			runOnlyForDeploymentPostprocessing = 0;
		};
/* End PBXSourcesBuildPhase section */

/* Begin PBXVariantGroup section */
		3844365227F5AA9000EF7CC1 /* Main.storyboard */ = {
			isa = PBXVariantGroup;
			children = (
				3844365327F5AA9000EF7CC1 /* Base */,
			);
			name = Main.storyboard;
			sourceTree = "<group>";
		};
		3844365727F5AA9200EF7CC1 /* LaunchScreen.storyboard */ = {
			isa = PBXVariantGroup;
			children = (
				3844365827F5AA9200EF7CC1 /* Base */,
			);
			name = LaunchScreen.storyboard;
			sourceTree = "<group>";
		};
/* End PBXVariantGroup section */

/* Begin XCBuildConfiguration section */
		3844365B27F5AA9200EF7CC1 /* Debug */ = {
			isa = XCBuildConfiguration;
			buildSettings = {
				ALWAYS_SEARCH_USER_PATHS = NO;
				CLANG_ANALYZER_NONNULL = YES;
				CLANG_ANALYZER_NUMBER_OBJECT_CONVERSION = YES_AGGRESSIVE;
				CLANG_CXX_LANGUAGE_STANDARD = "gnu++17";
				CLANG_ENABLE_MODULES = YES;
				CLANG_ENABLE_OBJC_ARC = YES;
				CLANG_ENABLE_OBJC_WEAK = YES;
				CLANG_WARN_BLOCK_CAPTURE_AUTORELEASING = YES;
				CLANG_WARN_BOOL_CONVERSION = YES;
				CLANG_WARN_COMMA = YES;
				CLANG_WARN_CONSTANT_CONVERSION = YES;
				CLANG_WARN_DEPRECATED_OBJC_IMPLEMENTATIONS = YES;
				CLANG_WARN_DIRECT_OBJC_ISA_USAGE = YES_ERROR;
				CLANG_WARN_DOCUMENTATION_COMMENTS = YES;
				CLANG_WARN_EMPTY_BODY = YES;
				CLANG_WARN_ENUM_CONVERSION = YES;
				CLANG_WARN_INFINITE_RECURSION = YES;
				CLANG_WARN_INT_CONVERSION = YES;
				CLANG_WARN_NON_LITERAL_NULL_CONVERSION = YES;
				CLANG_WARN_OBJC_IMPLICIT_RETAIN_SELF = YES;
				CLANG_WARN_OBJC_LITERAL_CONVERSION = YES;
				CLANG_WARN_OBJC_ROOT_CLASS = YES_ERROR;
				CLANG_WARN_QUOTED_INCLUDE_IN_FRAMEWORK_HEADER = YES;
				CLANG_WARN_RANGE_LOOP_ANALYSIS = YES;
				CLANG_WARN_STRICT_PROTOTYPES = YES;
				CLANG_WARN_SUSPICIOUS_MOVE = YES;
				CLANG_WARN_UNGUARDED_AVAILABILITY = YES_AGGRESSIVE;
				CLANG_WARN_UNREACHABLE_CODE = YES;
				CLANG_WARN__DUPLICATE_METHOD_MATCH = YES;
				COPY_PHASE_STRIP = NO;
				DEBUG_INFORMATION_FORMAT = dwarf;
				ENABLE_STRICT_OBJC_MSGSEND = YES;
				ENABLE_TESTABILITY = YES;
				GCC_C_LANGUAGE_STANDARD = gnu11;
				GCC_DYNAMIC_NO_PIC = NO;
				GCC_NO_COMMON_BLOCKS = YES;
				GCC_OPTIMIZATION_LEVEL = 0;
				GCC_PREPROCESSOR_DEFINITIONS = (
					"DEBUG=1",
					"$(inherited)",
				);
				GCC_WARN_64_TO_32_BIT_CONVERSION = YES;
				GCC_WARN_ABOUT_RETURN_TYPE = YES_ERROR;
				GCC_WARN_UNDECLARED_SELECTOR = YES;
				GCC_WARN_UNINITIALIZED_AUTOS = YES_AGGRESSIVE;
				GCC_WARN_UNUSED_FUNCTION = YES;
				GCC_WARN_UNUSED_VARIABLE = YES;
				IPHONEOS_DEPLOYMENT_TARGET = 15.4;
				MTL_ENABLE_DEBUG_INFO = INCLUDE_SOURCE;
				MTL_FAST_MATH = YES;
				ONLY_ACTIVE_ARCH = YES;
				SDKROOT = iphoneos;
				SWIFT_ACTIVE_COMPILATION_CONDITIONS = DEBUG;
				SWIFT_OPTIMIZATION_LEVEL = "-Onone";
			};
			name = Debug;
		};
		3844365C27F5AA9200EF7CC1 /* Release */ = {
			isa = XCBuildConfiguration;
			buildSettings = {
				ALWAYS_SEARCH_USER_PATHS = NO;
				CLANG_ANALYZER_NONNULL = YES;
				CLANG_ANALYZER_NUMBER_OBJECT_CONVERSION = YES_AGGRESSIVE;
				CLANG_CXX_LANGUAGE_STANDARD = "gnu++17";
				CLANG_ENABLE_MODULES = YES;
				CLANG_ENABLE_OBJC_ARC = YES;
				CLANG_ENABLE_OBJC_WEAK = YES;
				CLANG_WARN_BLOCK_CAPTURE_AUTORELEASING = YES;
				CLANG_WARN_BOOL_CONVERSION = YES;
				CLANG_WARN_COMMA = YES;
				CLANG_WARN_CONSTANT_CONVERSION = YES;
				CLANG_WARN_DEPRECATED_OBJC_IMPLEMENTATIONS = YES;
				CLANG_WARN_DIRECT_OBJC_ISA_USAGE = YES_ERROR;
				CLANG_WARN_DOCUMENTATION_COMMENTS = YES;
				CLANG_WARN_EMPTY_BODY = YES;
				CLANG_WARN_ENUM_CONVERSION = YES;
				CLANG_WARN_INFINITE_RECURSION = YES;
				CLANG_WARN_INT_CONVERSION = YES;
				CLANG_WARN_NON_LITERAL_NULL_CONVERSION = YES;
				CLANG_WARN_OBJC_IMPLICIT_RETAIN_SELF = YES;
				CLANG_WARN_OBJC_LITERAL_CONVERSION = YES;
				CLANG_WARN_OBJC_ROOT_CLASS = YES_ERROR;
				CLANG_WARN_QUOTED_INCLUDE_IN_FRAMEWORK_HEADER = YES;
				CLANG_WARN_RANGE_LOOP_ANALYSIS = YES;
				CLANG_WARN_STRICT_PROTOTYPES = YES;
				CLANG_WARN_SUSPICIOUS_MOVE = YES;
				CLANG_WARN_UNGUARDED_AVAILABILITY = YES_AGGRESSIVE;
				CLANG_WARN_UNREACHABLE_CODE = YES;
				CLANG_WARN__DUPLICATE_METHOD_MATCH = YES;
				COPY_PHASE_STRIP = NO;
				DEBUG_INFORMATION_FORMAT = "dwarf-with-dsym";
				ENABLE_NS_ASSERTIONS = NO;
				ENABLE_STRICT_OBJC_MSGSEND = YES;
				GCC_C_LANGUAGE_STANDARD = gnu11;
				GCC_NO_COMMON_BLOCKS = YES;
				GCC_WARN_64_TO_32_BIT_CONVERSION = YES;
				GCC_WARN_ABOUT_RETURN_TYPE = YES_ERROR;
				GCC_WARN_UNDECLARED_SELECTOR = YES;
				GCC_WARN_UNINITIALIZED_AUTOS = YES_AGGRESSIVE;
				GCC_WARN_UNUSED_FUNCTION = YES;
				GCC_WARN_UNUSED_VARIABLE = YES;
				IPHONEOS_DEPLOYMENT_TARGET = 15.4;
				MTL_ENABLE_DEBUG_INFO = NO;
				MTL_FAST_MATH = YES;
				SDKROOT = iphoneos;
				SWIFT_COMPILATION_MODE = wholemodule;
				SWIFT_OPTIMIZATION_LEVEL = "-O";
				VALIDATE_PRODUCT = YES;
			};
			name = Release;
		};
		3844365E27F5AA9200EF7CC1 /* Debug */ = {
			isa = XCBuildConfiguration;
			buildSettings = {
				ASSETCATALOG_COMPILER_APPICON_NAME = AppIcon;
				ASSETCATALOG_COMPILER_GLOBAL_ACCENT_COLOR_NAME = AccentColor;
				CODE_SIGN_STYLE = Automatic;
				CURRENT_PROJECT_VERSION = 1;
				DEVELOPMENT_TEAM = 9TJL6Q93M5;
				GENERATE_INFOPLIST_FILE = YES;
				INFOPLIST_FILE = SwiftUI_in_UIKIt/Info.plist;
				INFOPLIST_KEY_UIApplicationSupportsIndirectInputEvents = YES;
				INFOPLIST_KEY_UILaunchStoryboardName = LaunchScreen;
				INFOPLIST_KEY_UIMainStoryboardFile = Main;
				INFOPLIST_KEY_UISupportedInterfaceOrientations_iPad = "UIInterfaceOrientationPortrait UIInterfaceOrientationPortraitUpsideDown UIInterfaceOrientationLandscapeLeft UIInterfaceOrientationLandscapeRight";
				INFOPLIST_KEY_UISupportedInterfaceOrientations_iPhone = "UIInterfaceOrientationPortrait UIInterfaceOrientationLandscapeLeft UIInterfaceOrientationLandscapeRight";
				LD_RUNPATH_SEARCH_PATHS = (
					"$(inherited)",
					"@executable_path/Frameworks",
				);
				MARKETING_VERSION = 1.0;
				PRODUCT_BUNDLE_IDENTIFIER = "TonyDmr.SwiftUI-in-UIKIt";
				PRODUCT_NAME = "$(TARGET_NAME)";
				SWIFT_EMIT_LOC_STRINGS = YES;
				SWIFT_VERSION = 5.0;
				TARGETED_DEVICE_FAMILY = "1,2";
			};
			name = Debug;
		};
		3844365F27F5AA9200EF7CC1 /* Release */ = {
			isa = XCBuildConfiguration;
			buildSettings = {
				ASSETCATALOG_COMPILER_APPICON_NAME = AppIcon;
				ASSETCATALOG_COMPILER_GLOBAL_ACCENT_COLOR_NAME = AccentColor;
				CODE_SIGN_STYLE = Automatic;
				CURRENT_PROJECT_VERSION = 1;
				DEVELOPMENT_TEAM = 9TJL6Q93M5;
				GENERATE_INFOPLIST_FILE = YES;
				INFOPLIST_FILE = SwiftUI_in_UIKIt/Info.plist;
				INFOPLIST_KEY_UIApplicationSupportsIndirectInputEvents = YES;
				INFOPLIST_KEY_UILaunchStoryboardName = LaunchScreen;
				INFOPLIST_KEY_UIMainStoryboardFile = Main;
				INFOPLIST_KEY_UISupportedInterfaceOrientations_iPad = "UIInterfaceOrientationPortrait UIInterfaceOrientationPortraitUpsideDown UIInterfaceOrientationLandscapeLeft UIInterfaceOrientationLandscapeRight";
				INFOPLIST_KEY_UISupportedInterfaceOrientations_iPhone = "UIInterfaceOrientationPortrait UIInterfaceOrientationLandscapeLeft UIInterfaceOrientationLandscapeRight";
				LD_RUNPATH_SEARCH_PATHS = (
					"$(inherited)",
					"@executable_path/Frameworks",
				);
				MARKETING_VERSION = 1.0;
				PRODUCT_BUNDLE_IDENTIFIER = "TonyDmr.SwiftUI-in-UIKIt";
				PRODUCT_NAME = "$(TARGET_NAME)";
				SWIFT_EMIT_LOC_STRINGS = YES;
				SWIFT_VERSION = 5.0;
				TARGETED_DEVICE_FAMILY = "1,2";
			};
			name = Release;
		};
/* End XCBuildConfiguration section */

/* Begin XCConfigurationList section */
		3844364427F5AA9000EF7CC1 /* Build configuration list for PBXProject "SwiftUI_in_UIKIt" */ = {
			isa = XCConfigurationList;
			buildConfigurations = (
				3844365B27F5AA9200EF7CC1 /* Debug */,
				3844365C27F5AA9200EF7CC1 /* Release */,
			);
			defaultConfigurationIsVisible = 0;
			defaultConfigurationName = Release;
		};
		3844365D27F5AA9200EF7CC1 /* Build configuration list for PBXNativeTarget "SwiftUI_in_UIKIt" */ = {
			isa = XCConfigurationList;
			buildConfigurations = (
				3844365E27F5AA9200EF7CC1 /* Debug */,
				3844365F27F5AA9200EF7CC1 /* Release */,
			);
			defaultConfigurationIsVisible = 0;
			defaultConfigurationName = Release;
		};
/* End XCConfigurationList section */
	};
	rootObject = 3844364127F5AA9000EF7CC1 /* Project object */;
}
